// !$*UTF8*$!
{
	archiveVersion = 1;
	classes = {
	};
	objectVersion = 56;
	objects = {

/* Begin PBXBuildFile section */
		FAC69A502B3DF76900AE0FC3 /* AppDelegate.swift in Sources */ = {isa = PBXBuildFile; fileRef = FAC69A4F2B3DF76900AE0FC3 /* AppDelegate.swift */; };
		FAC69A522B3DF76900AE0FC3 /* SceneDelegate.swift in Sources */ = {isa = PBXBuildFile; fileRef = FAC69A512B3DF76900AE0FC3 /* SceneDelegate.swift */; };
		FAC69A542B3DF76900AE0FC3 /* ViewController.swift in Sources */ = {isa = PBXBuildFile; fileRef = FAC69A532B3DF76900AE0FC3 /* ViewController.swift */; };
		FAC69A572B3DF76900AE0FC3 /* Main.storyboard in Resources */ = {isa = PBXBuildFile; fileRef = FAC69A552B3DF76900AE0FC3 /* Main.storyboard */; };
		FAC69A592B3DF76C00AE0FC3 /* Assets.xcassets in Resources */ = {isa = PBXBuildFile; fileRef = FAC69A582B3DF76C00AE0FC3 /* Assets.xcassets */; };
		FAC69A5C2B3DF76C00AE0FC3 /* LaunchScreen.storyboard in Resources */ = {isa = PBXBuildFile; fileRef = FAC69A5A2B3DF76C00AE0FC3 /* LaunchScreen.storyboard */; };
		FAC69A672B3DF76C00AE0FC3 /* GitTestTests.swift in Sources */ = {isa = PBXBuildFile; fileRef = FAC69A662B3DF76C00AE0FC3 /* GitTestTests.swift */; };
		FAC69A712B3DF76C00AE0FC3 /* GitTestUITests.swift in Sources */ = {isa = PBXBuildFile; fileRef = FAC69A702B3DF76C00AE0FC3 /* GitTestUITests.swift */; };
		FAC69A732B3DF76C00AE0FC3 /* GitTestUITestsLaunchTests.swift in Sources */ = {isa = PBXBuildFile; fileRef = FAC69A722B3DF76C00AE0FC3 /* GitTestUITestsLaunchTests.swift */; };
/* End PBXBuildFile section */

/* Begin PBXContainerItemProxy section */
		FAC69A632B3DF76C00AE0FC3 /* PBXContainerItemProxy */ = {
			isa = PBXContainerItemProxy;
			containerPortal = FAC69A442B3DF76900AE0FC3 /* Project object */;
			proxyType = 1;
			remoteGlobalIDString = FAC69A4B2B3DF76900AE0FC3;
			remoteInfo = GitTest;
		};
		FAC69A6D2B3DF76C00AE0FC3 /* PBXContainerItemProxy */ = {
			isa = PBXContainerItemProxy;
			containerPortal = FAC69A442B3DF76900AE0FC3 /* Project object */;
			proxyType = 1;
			remoteGlobalIDString = FAC69A4B2B3DF76900AE0FC3;
			remoteInfo = GitTest;
		};
/* End PBXContainerItemProxy section */

/* Begin PBXFileReference section */
		FAC69A4C2B3DF76900AE0FC3 /* GitTest.app */ = {isa = PBXFileReference; explicitFileType = wrapper.application; includeInIndex = 0; path = GitTest.app; sourceTree = BUILT_PRODUCTS_DIR; };
		FAC69A4F2B3DF76900AE0FC3 /* AppDelegate.swift */ = {isa = PBXFileReference; lastKnownFileType = sourcecode.swift; path = AppDelegate.swift; sourceTree = "<group>"; };
		FAC69A512B3DF76900AE0FC3 /* SceneDelegate.swift */ = {isa = PBXFileReference; lastKnownFileType = sourcecode.swift; path = SceneDelegate.swift; sourceTree = "<group>"; };
		FAC69A532B3DF76900AE0FC3 /* ViewController.swift */ = {isa = PBXFileReference; lastKnownFileType = sourcecode.swift; path = ViewController.swift; sourceTree = "<group>"; };
		FAC69A562B3DF76900AE0FC3 /* Base */ = {isa = PBXFileReference; lastKnownFileType = file.storyboard; name = Base; path = Base.lproj/Main.storyboard; sourceTree = "<group>"; };
		FAC69A582B3DF76C00AE0FC3 /* Assets.xcassets */ = {isa = PBXFileReference; lastKnownFileType = folder.assetcatalog; path = Assets.xcassets; sourceTree = "<group>"; };
		FAC69A5B2B3DF76C00AE0FC3 /* Base */ = {isa = PBXFileReference; lastKnownFileType = file.storyboard; name = Base; path = Base.lproj/LaunchScreen.storyboard; sourceTree = "<group>"; };
		FAC69A5D2B3DF76C00AE0FC3 /* Info.plist */ = {isa = PBXFileReference; lastKnownFileType = text.plist.xml; path = Info.plist; sourceTree = "<group>"; };
		FAC69A622B3DF76C00AE0FC3 /* GitTestTests.xctest */ = {isa = PBXFileReference; explicitFileType = wrapper.cfbundle; includeInIndex = 0; path = GitTestTests.xctest; sourceTree = BUILT_PRODUCTS_DIR; };
		FAC69A662B3DF76C00AE0FC3 /* GitTestTests.swift */ = {isa = PBXFileReference; lastKnownFileType = sourcecode.swift; path = GitTestTests.swift; sourceTree = "<group>"; };
		FAC69A6C2B3DF76C00AE0FC3 /* GitTestUITests.xctest */ = {isa = PBXFileReference; explicitFileType = wrapper.cfbundle; includeInIndex = 0; path = GitTestUITests.xctest; sourceTree = BUILT_PRODUCTS_DIR; };
		FAC69A702B3DF76C00AE0FC3 /* GitTestUITests.swift */ = {isa = PBXFileReference; lastKnownFileType = sourcecode.swift; path = GitTestUITests.swift; sourceTree = "<group>"; };
		FAC69A722B3DF76C00AE0FC3 /* GitTestUITestsLaunchTests.swift */ = {isa = PBXFileReference; lastKnownFileType = sourcecode.swift; path = GitTestUITestsLaunchTests.swift; sourceTree = "<group>"; };
/* End PBXFileReference section */

/* Begin PBXFrameworksBuildPhase section */
		FAC69A492B3DF76900AE0FC3 /* Frameworks */ = {
			isa = PBXFrameworksBuildPhase;
			buildActionMask = 2147483647;
			files = (
			);
			runOnlyForDeploymentPostprocessing = 0;
		};
		FAC69A5F2B3DF76C00AE0FC3 /* Frameworks */ = {
			isa = PBXFrameworksBuildPhase;
			buildActionMask = 2147483647;
			files = (
			);
			runOnlyForDeploymentPostprocessing = 0;
		};
		FAC69A692B3DF76C00AE0FC3 /* Frameworks */ = {
			isa = PBXFrameworksBuildPhase;
			buildActionMask = 2147483647;
			files = (
			);
			runOnlyForDeploymentPostprocessing = 0;
		};
/* End PBXFrameworksBuildPhase section */

/* Begin PBXGroup section */
		FAC69A432B3DF76900AE0FC3 = {
			isa = PBXGroup;
			children = (
				FAC69A4E2B3DF76900AE0FC3 /* GitTest */,
				FAC69A652B3DF76C00AE0FC3 /* GitTestTests */,
				FAC69A6F2B3DF76C00AE0FC3 /* GitTestUITests */,
				FAC69A4D2B3DF76900AE0FC3 /* Products */,
			);
			sourceTree = "<group>";
		};
		FAC69A4D2B3DF76900AE0FC3 /* Products */ = {
			isa = PBXGroup;
			children = (
				FAC69A4C2B3DF76900AE0FC3 /* GitTest.app */,
				FAC69A622B3DF76C00AE0FC3 /* GitTestTests.xctest */,
				FAC69A6C2B3DF76C00AE0FC3 /* GitTestUITests.xctest */,
			);
			name = Products;
			sourceTree = "<group>";
		};
		FAC69A4E2B3DF76900AE0FC3 /* GitTest */ = {
			isa = PBXGroup;
			children = (
				FAC69A4F2B3DF76900AE0FC3 /* AppDelegate.swift */,
				FAC69A512B3DF76900AE0FC3 /* SceneDelegate.swift */,
				FAC69A532B3DF76900AE0FC3 /* ViewController.swift */,
				FAC69A552B3DF76900AE0FC3 /* Main.storyboard */,
				FAC69A582B3DF76C00AE0FC3 /* Assets.xcassets */,
				FAC69A5A2B3DF76C00AE0FC3 /* LaunchScreen.storyboard */,
				FAC69A5D2B3DF76C00AE0FC3 /* Info.plist */,
			);
			path = GitTest;
			sourceTree = "<group>";
		};
		FAC69A652B3DF76C00AE0FC3 /* GitTestTests */ = {
			isa = PBXGroup;
			children = (
				FAC69A662B3DF76C00AE0FC3 /* GitTestTests.swift */,
			);
			path = GitTestTests;
			sourceTree = "<group>";
		};
		FAC69A6F2B3DF76C00AE0FC3 /* GitTestUITests */ = {
			isa = PBXGroup;
			children = (
				FAC69A702B3DF76C00AE0FC3 /* GitTestUITests.swift */,
				FAC69A722B3DF76C00AE0FC3 /* GitTestUITestsLaunchTests.swift */,
			);
			path = GitTestUITests;
			sourceTree = "<group>";
		};
/* End PBXGroup section */

/* Begin PBXNativeTarget section */
		FAC69A4B2B3DF76900AE0FC3 /* GitTest */ = {
			isa = PBXNativeTarget;
			buildConfigurationList = FAC69A762B3DF76C00AE0FC3 /* Build configuration list for PBXNativeTarget "GitTest" */;
			buildPhases = (
				FAC69A482B3DF76900AE0FC3 /* Sources */,
				FAC69A492B3DF76900AE0FC3 /* Frameworks */,
				FAC69A4A2B3DF76900AE0FC3 /* Resources */,
			);
			buildRules = (
			);
			dependencies = (
			);
			name = GitTest;
			productName = GitTest;
			productReference = FAC69A4C2B3DF76900AE0FC3 /* GitTest.app */;
			productType = "com.apple.product-type.application";
		};
		FAC69A612B3DF76C00AE0FC3 /* GitTestTests */ = {
			isa = PBXNativeTarget;
			buildConfigurationList = FAC69A792B3DF76C00AE0FC3 /* Build configuration list for PBXNativeTarget "GitTestTests" */;
			buildPhases = (
				FAC69A5E2B3DF76C00AE0FC3 /* Sources */,
				FAC69A5F2B3DF76C00AE0FC3 /* Frameworks */,
				FAC69A602B3DF76C00AE0FC3 /* Resources */,
			);
			buildRules = (
			);
			dependencies = (
				FAC69A642B3DF76C00AE0FC3 /* PBXTargetDependency */,
			);
			name = GitTestTests;
			productName = GitTestTests;
			productReference = FAC69A622B3DF76C00AE0FC3 /* GitTestTests.xctest */;
			productType = "com.apple.product-type.bundle.unit-test";
		};
		FAC69A6B2B3DF76C00AE0FC3 /* GitTestUITests */ = {
			isa = PBXNativeTarget;
			buildConfigurationList = FAC69A7C2B3DF76C00AE0FC3 /* Build configuration list for PBXNativeTarget "GitTestUITests" */;
			buildPhases = (
				FAC69A682B3DF76C00AE0FC3 /* Sources */,
				FAC69A692B3DF76C00AE0FC3 /* Frameworks */,
				FAC69A6A2B3DF76C00AE0FC3 /* Resources */,
			);
			buildRules = (
			);
			dependencies = (
				FAC69A6E2B3DF76C00AE0FC3 /* PBXTargetDependency */,
			);
			name = GitTestUITests;
			productName = GitTestUITests;
			productReference = FAC69A6C2B3DF76C00AE0FC3 /* GitTestUITests.xctest */;
			productType = "com.apple.product-type.bundle.ui-testing";
		};
/* End PBXNativeTarget section */

/* Begin PBXProject section */
		FAC69A442B3DF76900AE0FC3 /* Project object */ = {
			isa = PBXProject;
			attributes = {
				BuildIndependentTargetsInParallel = 1;
				LastSwiftUpdateCheck = 1510;
				LastUpgradeCheck = 1510;
				TargetAttributes = {
					FAC69A4B2B3DF76900AE0FC3 = {
						CreatedOnToolsVersion = 15.1;
					};
					FAC69A612B3DF76C00AE0FC3 = {
						CreatedOnToolsVersion = 15.1;
						TestTargetID = FAC69A4B2B3DF76900AE0FC3;
					};
					FAC69A6B2B3DF76C00AE0FC3 = {
						CreatedOnToolsVersion = 15.1;
						TestTargetID = FAC69A4B2B3DF76900AE0FC3;
					};
				};
			};
			buildConfigurationList = FAC69A472B3DF76900AE0FC3 /* Build configuration list for PBXProject "GitTest" */;
			compatibilityVersion = "Xcode 14.0";
			developmentRegion = en;
			hasScannedForEncodings = 0;
			knownRegions = (
				en,
				Base,
			);
			mainGroup = FAC69A432B3DF76900AE0FC3;
			productRefGroup = FAC69A4D2B3DF76900AE0FC3 /* Products */;
			projectDirPath = "";
			projectRoot = "";
			targets = (
				FAC69A4B2B3DF76900AE0FC3 /* GitTest */,
				FAC69A612B3DF76C00AE0FC3 /* GitTestTests */,
				FAC69A6B2B3DF76C00AE0FC3 /* GitTestUITests */,
			);
		};
/* End PBXProject section */

/* Begin PBXResourcesBuildPhase section */
		FAC69A4A2B3DF76900AE0FC3 /* Resources */ = {
			isa = PBXResourcesBuildPhase;
			buildActionMask = 2147483647;
			files = (
				FAC69A5C2B3DF76C00AE0FC3 /* LaunchScreen.storyboard in Resources */,
				FAC69A592B3DF76C00AE0FC3 /* Assets.xcassets in Resources */,
				FAC69A572B3DF76900AE0FC3 /* Main.storyboard in Resources */,
			);
			runOnlyForDeploymentPostprocessing = 0;
		};
		FAC69A602B3DF76C00AE0FC3 /* Resources */ = {
			isa = PBXResourcesBuildPhase;
			buildActionMask = 2147483647;
			files = (
			);
			runOnlyForDeploymentPostprocessing = 0;
		};
		FAC69A6A2B3DF76C00AE0FC3 /* Resources */ = {
			isa = PBXResourcesBuildPhase;
			buildActionMask = 2147483647;
			files = (
			);
			runOnlyForDeploymentPostprocessing = 0;
		};
/* End PBXResourcesBuildPhase section */

/* Begin PBXSourcesBuildPhase section */
		FAC69A482B3DF76900AE0FC3 /* Sources */ = {
			isa = PBXSourcesBuildPhase;
			buildActionMask = 2147483647;
			files = (
				FAC69A542B3DF76900AE0FC3 /* ViewController.swift in Sources */,
				FAC69A502B3DF76900AE0FC3 /* AppDelegate.swift in Sources */,
				FAC69A522B3DF76900AE0FC3 /* SceneDelegate.swift in Sources */,
			);
			runOnlyForDeploymentPostprocessing = 0;
		};
		FAC69A5E2B3DF76C00AE0FC3 /* Sources */ = {
			isa = PBXSourcesBuildPhase;
			buildActionMask = 2147483647;
			files = (
				FAC69A672B3DF76C00AE0FC3 /* GitTestTests.swift in Sources */,
			);
			runOnlyForDeploymentPostprocessing = 0;
		};
		FAC69A682B3DF76C00AE0FC3 /* Sources */ = {
			isa = PBXSourcesBuildPhase;
			buildActionMask = 2147483647;
			files = (
				FAC69A712B3DF76C00AE0FC3 /* GitTestUITests.swift in Sources */,
				FAC69A732B3DF76C00AE0FC3 /* GitTestUITestsLaunchTests.swift in Sources */,
			);
			runOnlyForDeploymentPostprocessing = 0;
		};
/* End PBXSourcesBuildPhase section */

/* Begin PBXTargetDependency section */
		FAC69A642B3DF76C00AE0FC3 /* PBXTargetDependency */ = {
			isa = PBXTargetDependency;
			target = FAC69A4B2B3DF76900AE0FC3 /* GitTest */;
			targetProxy = FAC69A632B3DF76C00AE0FC3 /* PBXContainerItemProxy */;
		};
		FAC69A6E2B3DF76C00AE0FC3 /* PBXTargetDependency */ = {
			isa = PBXTargetDependency;
			target = FAC69A4B2B3DF76900AE0FC3 /* GitTest */;
			targetProxy = FAC69A6D2B3DF76C00AE0FC3 /* PBXContainerItemProxy */;
		};
/* End PBXTargetDependency section */

/* Begin PBXVariantGroup section */
		FAC69A552B3DF76900AE0FC3 /* Main.storyboard */ = {
			isa = PBXVariantGroup;
			children = (
				FAC69A562B3DF76900AE0FC3 /* Base */,
			);
			name = Main.storyboard;
			sourceTree = "<group>";
		};
		FAC69A5A2B3DF76C00AE0FC3 /* LaunchScreen.storyboard */ = {
			isa = PBXVariantGroup;
			children = (
				FAC69A5B2B3DF76C00AE0FC3 /* Base */,
			);
			name = LaunchScreen.storyboard;
			sourceTree = "<group>";
		};
/* End PBXVariantGroup section */

/* Begin XCBuildConfiguration section */
		FAC69A742B3DF76C00AE0FC3 /* Debug */ = {
			isa = XCBuildConfiguration;
			buildSettings = {
				ALWAYS_SEARCH_USER_PATHS = NO;
				ASSETCATALOG_COMPILER_GENERATE_SWIFT_ASSET_SYMBOL_EXTENSIONS = YES;
				CLANG_ANALYZER_NONNULL = YES;
				CLANG_ANALYZER_NUMBER_OBJECT_CONVERSION = YES_AGGRESSIVE;
				CLANG_CXX_LANGUAGE_STANDARD = "gnu++20";
				CLANG_ENABLE_MODULES = YES;
				CLANG_ENABLE_OBJC_ARC = YES;
				CLANG_ENABLE_OBJC_WEAK = YES;
				CLANG_WARN_BLOCK_CAPTURE_AUTORELEASING = YES;
				CLANG_WARN_BOOL_CONVERSION = YES;
				CLANG_WARN_COMMA = YES;
				CLANG_WARN_CONSTANT_CONVERSION = YES;
				CLANG_WARN_DEPRECATED_OBJC_IMPLEMENTATIONS = YES;
				CLANG_WARN_DIRECT_OBJC_ISA_USAGE = YES_ERROR;
				CLANG_WARN_DOCUMENTATION_COMMENTS = YES;
				CLANG_WARN_EMPTY_BODY = YES;
				CLANG_WARN_ENUM_CONVERSION = YES;
				CLANG_WARN_INFINITE_RECURSION = YES;
				CLANG_WARN_INT_CONVERSION = YES;
				CLANG_WARN_NON_LITERAL_NULL_CONVERSION = YES;
				CLANG_WARN_OBJC_IMPLICIT_RETAIN_SELF = YES;
				CLANG_WARN_OBJC_LITERAL_CONVERSION = YES;
				CLANG_WARN_OBJC_ROOT_CLASS = YES_ERROR;
				CLANG_WARN_QUOTED_INCLUDE_IN_FRAMEWORK_HEADER = YES;
				CLANG_WARN_RANGE_LOOP_ANALYSIS = YES;
				CLANG_WARN_STRICT_PROTOTYPES = YES;
				CLANG_WARN_SUSPICIOUS_MOVE = YES;
				CLANG_WARN_UNGUARDED_AVAILABILITY = YES_AGGRESSIVE;
				CLANG_WARN_UNREACHABLE_CODE = YES;
				CLANG_WARN__DUPLICATE_METHOD_MATCH = YES;
				COPY_PHASE_STRIP = NO;
				DEBUG_INFORMATION_FORMAT = dwarf;
				ENABLE_STRICT_OBJC_MSGSEND = YES;
				ENABLE_TESTABILITY = YES;
				ENABLE_USER_SCRIPT_SANDBOXING = YES;
				GCC_C_LANGUAGE_STANDARD = gnu17;
				GCC_DYNAMIC_NO_PIC = NO;
				GCC_NO_COMMON_BLOCKS = YES;
				GCC_OPTIMIZATION_LEVEL = 0;
				GCC_PREPROCESSOR_DEFINITIONS = (
					"DEBUG=1",
					"$(inherited)",
				);
				GCC_WARN_64_TO_32_BIT_CONVERSION = YES;
				GCC_WARN_ABOUT_RETURN_TYPE = YES_ERROR;
				GCC_WARN_UNDECLARED_SELECTOR = YES;
				GCC_WARN_UNINITIALIZED_AUTOS = YES_AGGRESSIVE;
				GCC_WARN_UNUSED_FUNCTION = YES;
				GCC_WARN_UNUSED_VARIABLE = YES;
				IPHONEOS_DEPLOYMENT_TARGET = 17.2;
				LOCALIZATION_PREFERS_STRING_CATALOGS = YES;
				MTL_ENABLE_DEBUG_INFO = INCLUDE_SOURCE;
				MTL_FAST_MATH = YES;
				ONLY_ACTIVE_ARCH = YES;
				SDKROOT = iphoneos;
				SWIFT_ACTIVE_COMPILATION_CONDITIONS = "DEBUG $(inherited)";
				SWIFT_OPTIMIZATION_LEVEL = "-Onone";
			};
			name = Debug;
		};
		FAC69A752B3DF76C00AE0FC3 /* Release */ = {
			isa = XCBuildConfiguration;
			buildSettings = {
				ALWAYS_SEARCH_USER_PATHS = NO;
				ASSETCATALOG_COMPILER_GENERATE_SWIFT_ASSET_SYMBOL_EXTENSIONS = YES;
				CLANG_ANALYZER_NONNULL = YES;
				CLANG_ANALYZER_NUMBER_OBJECT_CONVERSION = YES_AGGRESSIVE;
				CLANG_CXX_LANGUAGE_STANDARD = "gnu++20";
				CLANG_ENABLE_MODULES = YES;
				CLANG_ENABLE_OBJC_ARC = YES;
				CLANG_ENABLE_OBJC_WEAK = YES;
				CLANG_WARN_BLOCK_CAPTURE_AUTORELEASING = YES;
				CLANG_WARN_BOOL_CONVERSION = YES;
				CLANG_WARN_COMMA = YES;
				CLANG_WARN_CONSTANT_CONVERSION = YES;
				CLANG_WARN_DEPRECATED_OBJC_IMPLEMENTATIONS = YES;
				CLANG_WARN_DIRECT_OBJC_ISA_USAGE = YES_ERROR;
				CLANG_WARN_DOCUMENTATION_COMMENTS = YES;
				CLANG_WARN_EMPTY_BODY = YES;
				CLANG_WARN_ENUM_CONVERSION = YES;
				CLANG_WARN_INFINITE_RECURSION = YES;
				CLANG_WARN_INT_CONVERSION = YES;
				CLANG_WARN_NON_LITERAL_NULL_CONVERSION = YES;
				CLANG_WARN_OBJC_IMPLICIT_RETAIN_SELF = YES;
				CLANG_WARN_OBJC_LITERAL_CONVERSION = YES;
				CLANG_WARN_OBJC_ROOT_CLASS = YES_ERROR;
				CLANG_WARN_QUOTED_INCLUDE_IN_FRAMEWORK_HEADER = YES;
				CLANG_WARN_RANGE_LOOP_ANALYSIS = YES;
				CLANG_WARN_STRICT_PROTOTYPES = YES;
				CLANG_WARN_SUSPICIOUS_MOVE = YES;
				CLANG_WARN_UNGUARDED_AVAILABILITY = YES_AGGRESSIVE;
				CLANG_WARN_UNREACHABLE_CODE = YES;
				CLANG_WARN__DUPLICATE_METHOD_MATCH = YES;
				COPY_PHASE_STRIP = NO;
				DEBUG_INFORMATION_FORMAT = "dwarf-with-dsym";
				ENABLE_NS_ASSERTIONS = NO;
				ENABLE_STRICT_OBJC_MSGSEND = YES;
				ENABLE_USER_SCRIPT_SANDBOXING = YES;
				GCC_C_LANGUAGE_STANDARD = gnu17;
				GCC_NO_COMMON_BLOCKS = YES;
				GCC_WARN_64_TO_32_BIT_CONVERSION = YES;
				GCC_WARN_ABOUT_RETURN_TYPE = YES_ERROR;
				GCC_WARN_UNDECLARED_SELECTOR = YES;
				GCC_WARN_UNINITIALIZED_AUTOS = YES_AGGRESSIVE;
				GCC_WARN_UNUSED_FUNCTION = YES;
				GCC_WARN_UNUSED_VARIABLE = YES;
				IPHONEOS_DEPLOYMENT_TARGET = 17.2;
				LOCALIZATION_PREFERS_STRING_CATALOGS = YES;
				MTL_ENABLE_DEBUG_INFO = NO;
				MTL_FAST_MATH = YES;
				SDKROOT = iphoneos;
				SWIFT_COMPILATION_MODE = wholemodule;
				VALIDATE_PRODUCT = YES;
			};
			name = Release;
		};
		FAC69A772B3DF76C00AE0FC3 /* Debug */ = {
			isa = XCBuildConfiguration;
			buildSettings = {
				ASSETCATALOG_COMPILER_APPICON_NAME = AppIcon;
				ASSETCATALOG_COMPILER_GLOBAL_ACCENT_COLOR_NAME = AccentColor;
				CODE_SIGN_STYLE = Automatic;
				CURRENT_PROJECT_VERSION = 1;
				GENERATE_INFOPLIST_FILE = YES;
				INFOPLIST_FILE = GitTest/Info.plist;
				INFOPLIST_KEY_UIApplicationSupportsIndirectInputEvents = YES;
				INFOPLIST_KEY_UILaunchStoryboardName = LaunchScreen;
				INFOPLIST_KEY_UIMainStoryboardFile = Main;
				INFOPLIST_KEY_UISupportedInterfaceOrientations_iPad = "UIInterfaceOrientationPortrait UIInterfaceOrientationPortraitUpsideDown UIInterfaceOrientationLandscapeLeft UIInterfaceOrientationLandscapeRight";
				INFOPLIST_KEY_UISupportedInterfaceOrientations_iPhone = "UIInterfaceOrientationPortrait UIInterfaceOrientationLandscapeLeft UIInterfaceOrientationLandscapeRight";
				LD_RUNPATH_SEARCH_PATHS = (
					"$(inherited)",
					"@executable_path/Frameworks",
				);
				MARKETING_VERSION = 1.0;
				PRODUCT_BUNDLE_IDENTIFIER = test.GitTest;
				PRODUCT_NAME = "$(TARGET_NAME)";
				SWIFT_EMIT_LOC_STRINGS = YES;
				SWIFT_VERSION = 5.0;
				TARGETED_DEVICE_FAMILY = "1,2";
			};
			name = Debug;
		};
		FAC69A782B3DF76C00AE0FC3 /* Release */ = {
			isa = XCBuildConfiguration;
			buildSettings = {
				ASSETCATALOG_COMPILER_APPICON_NAME = AppIcon;
				ASSETCATALOG_COMPILER_GLOBAL_ACCENT_COLOR_NAME = AccentColor;
				CODE_SIGN_STYLE = Automatic;
				CURRENT_PROJECT_VERSION = 1;
				GENERATE_INFOPLIST_FILE = YES;
				INFOPLIST_FILE = GitTest/Info.plist;
				INFOPLIST_KEY_UIApplicationSupportsIndirectInputEvents = YES;
				INFOPLIST_KEY_UILaunchStoryboardName = LaunchScreen;
				INFOPLIST_KEY_UIMainStoryboardFile = Main;
				INFOPLIST_KEY_UISupportedInterfaceOrientations_iPad = "UIInterfaceOrientationPortrait UIInterfaceOrientationPortraitUpsideDown UIInterfaceOrientationLandscapeLeft UIInterfaceOrientationLandscapeRight";
				INFOPLIST_KEY_UISupportedInterfaceOrientations_iPhone = "UIInterfaceOrientationPortrait UIInterfaceOrientationLandscapeLeft UIInterfaceOrientationLandscapeRight";
				LD_RUNPATH_SEARCH_PATHS = (
					"$(inherited)",
					"@executable_path/Frameworks",
				);
				MARKETING_VERSION = 1.0;
				PRODUCT_BUNDLE_IDENTIFIER = test.GitTest;
				PRODUCT_NAME = "$(TARGET_NAME)";
				SWIFT_EMIT_LOC_STRINGS = YES;
				SWIFT_VERSION = 5.0;
				TARGETED_DEVICE_FAMILY = "1,2";
			};
			name = Release;
		};
		FAC69A7A2B3DF76C00AE0FC3 /* Debug */ = {
			isa = XCBuildConfiguration;
			buildSettings = {
				ALWAYS_EMBED_SWIFT_STANDARD_LIBRARIES = YES;
				BUNDLE_LOADER = "$(TEST_HOST)";
				CODE_SIGN_STYLE = Automatic;
				CURRENT_PROJECT_VERSION = 1;
				GENERATE_INFOPLIST_FILE = YES;
				IPHONEOS_DEPLOYMENT_TARGET = 17.2;
				MARKETING_VERSION = 1.0;
				PRODUCT_BUNDLE_IDENTIFIER = test.GitTestTests;
				PRODUCT_NAME = "$(TARGET_NAME)";
				SWIFT_EMIT_LOC_STRINGS = NO;
				SWIFT_VERSION = 5.0;
				TARGETED_DEVICE_FAMILY = "1,2";
				TEST_HOST = "$(BUILT_PRODUCTS_DIR)/GitTest.app/$(BUNDLE_EXECUTABLE_FOLDER_PATH)/GitTest";
			};
			name = Debug;
		};
		FAC69A7B2B3DF76C00AE0FC3 /* Release */ = {
			isa = XCBuildConfiguration;
			buildSettings = {
				ALWAYS_EMBED_SWIFT_STANDARD_LIBRARIES = YES;
				BUNDLE_LOADER = "$(TEST_HOST)";
				CODE_SIGN_STYLE = Automatic;
				CURRENT_PROJECT_VERSION = 1;
				GENERATE_INFOPLIST_FILE = YES;
				IPHONEOS_DEPLOYMENT_TARGET = 17.2;
				MARKETING_VERSION = 1.0;
				PRODUCT_BUNDLE_IDENTIFIER = test.GitTestTests;
				PRODUCT_NAME = "$(TARGET_NAME)";
				SWIFT_EMIT_LOC_STRINGS = NO;
				SWIFT_VERSION = 5.0;
				TARGETED_DEVICE_FAMILY = "1,2";
				TEST_HOST = "$(BUILT_PRODUCTS_DIR)/GitTest.app/$(BUNDLE_EXECUTABLE_FOLDER_PATH)/GitTest";
			};
			name = Release;
		};
		FAC69A7D2B3DF76C00AE0FC3 /* Debug */ = {
			isa = XCBuildConfiguration;
			buildSettings = {
				ALWAYS_EMBED_SWIFT_STANDARD_LIBRARIES = YES;
				CODE_SIGN_STYLE = Automatic;
				CURRENT_PROJECT_VERSION = 1;
				GENERATE_INFOPLIST_FILE = YES;
				MARKETING_VERSION = 1.0;
				PRODUCT_BUNDLE_IDENTIFIER = test.GitTestUITests;
				PRODUCT_NAME = "$(TARGET_NAME)";
				SWIFT_EMIT_LOC_STRINGS = NO;
				SWIFT_VERSION = 5.0;
				TARGETED_DEVICE_FAMILY = "1,2";
				TEST_TARGET_NAME = GitTest;
			};
			name = Debug;
		};
		FAC69A7E2B3DF76C00AE0FC3 /* Release */ = {
			isa = XCBuildConfiguration;
			buildSettings = {
				ALWAYS_EMBED_SWIFT_STANDARD_LIBRARIES = YES;
				CODE_SIGN_STYLE = Automatic;
				CURRENT_PROJECT_VERSION = 1;
				GENERATE_INFOPLIST_FILE = YES;
				MARKETING_VERSION = 1.0;
				PRODUCT_BUNDLE_IDENTIFIER = test.GitTestUITests;
				PRODUCT_NAME = "$(TARGET_NAME)";
				SWIFT_EMIT_LOC_STRINGS = NO;
				SWIFT_VERSION = 5.0;
				TARGETED_DEVICE_FAMILY = "1,2";
				TEST_TARGET_NAME = GitTest;
			};
			name = Release;
		};
/* End XCBuildConfiguration section */

/* Begin XCConfigurationList section */
		FAC69A472B3DF76900AE0FC3 /* Build configuration list for PBXProject "GitTest" */ = {
			isa = XCConfigurationList;
			buildConfigurations = (
				FAC69A742B3DF76C00AE0FC3 /* Debug */,
				FAC69A752B3DF76C00AE0FC3 /* Release */,
			);
			defaultConfigurationIsVisible = 0;
			defaultConfigurationName = Release;
		};
		FAC69A762B3DF76C00AE0FC3 /* Build configuration list for PBXNativeTarget "GitTest" */ = {
			isa = XCConfigurationList;
			buildConfigurations = (
				FAC69A772B3DF76C00AE0FC3 /* Debug */,
				FAC69A782B3DF76C00AE0FC3 /* Release */,
			);
			defaultConfigurationIsVisible = 0;
			defaultConfigurationName = Release;
		};
		FAC69A792B3DF76C00AE0FC3 /* Build configuration list for PBXNativeTarget "GitTestTests" */ = {
			isa = XCConfigurationList;
			buildConfigurations = (
				FAC69A7A2B3DF76C00AE0FC3 /* Debug */,
				FAC69A7B2B3DF76C00AE0FC3 /* Release */,
			);
			defaultConfigurationIsVisible = 0;
			defaultConfigurationName = Release;
		};
		FAC69A7C2B3DF76C00AE0FC3 /* Build configuration list for PBXNativeTarget "GitTestUITests" */ = {
			isa = XCConfigurationList;
			buildConfigurations = (
				FAC69A7D2B3DF76C00AE0FC3 /* Debug */,
				FAC69A7E2B3DF76C00AE0FC3 /* Release */,
			);
			defaultConfigurationIsVisible = 0;
			defaultConfigurationName = Release;
		};
/* End XCConfigurationList section */
	};
	rootObject = FAC69A442B3DF76900AE0FC3 /* Project object */;
}
